// !$*UTF8*$!
{
	archiveVersion = 1;
	classes = {
	};
	objectVersion = 50;
	objects = {

/* Begin PBXBuildFile section */
		0601BDD92398552700442493 /* ExpandableViewPart2.storyboard in Resources */ = {isa = PBXBuildFile; fileRef = 0601BDD52398552600442493 /* ExpandableViewPart2.storyboard */; };
		0601BDDA2398552700442493 /* ExpandableView.swift in Sources */ = {isa = PBXBuildFile; fileRef = 0601BDD62398552600442493 /* ExpandableView.swift */; };
		0601BDDB2398552700442493 /* ExpandableView.xib in Resources */ = {isa = PBXBuildFile; fileRef = 0601BDD72398552700442493 /* ExpandableView.xib */; };
		0601BDDC2398552700442493 /* ExpandableViewPart2.swift in Sources */ = {isa = PBXBuildFile; fileRef = 0601BDD82398552700442493 /* ExpandableViewPart2.swift */; };
		0601BDE32398569B00442493 /* AppCoordinator.swift in Sources */ = {isa = PBXBuildFile; fileRef = 0601BDE22398569B00442493 /* AppCoordinator.swift */; };
		0601BDE82398637C00442493 /* MainViewController.swift in Sources */ = {isa = PBXBuildFile; fileRef = 0601BDE52398637C00442493 /* MainViewController.swift */; };
		0601BDE92398637C00442493 /* Main.storyboard in Resources */ = {isa = PBXBuildFile; fileRef = 0601BDE62398637C00442493 /* Main.storyboard */; };
		0601BDEA2398637C00442493 /* ExpandableViewPart1.swift in Sources */ = {isa = PBXBuildFile; fileRef = 0601BDE72398637C00442493 /* ExpandableViewPart1.swift */; };
		061BB9D22533EB4900B6EA1A /* CustomTransition.swift in Sources */ = {isa = PBXBuildFile; fileRef = 061BB9D12533EB4900B6EA1A /* CustomTransition.swift */; };
		061BB9D42533EB7A00B6EA1A /* ModalPresentableVC.swift in Sources */ = {isa = PBXBuildFile; fileRef = 061BB9D32533EB7A00B6EA1A /* ModalPresentableVC.swift */; };
		063CED22252D4EDC00F493EF /* BottomSheetParentViewController.xib in Resources */ = {isa = PBXBuildFile; fileRef = 063CED21252D4EDC00F493EF /* BottomSheetParentViewController.xib */; };
		063CED24252D54E900F493EF /* BottomSheetParentViewController.swift in Sources */ = {isa = PBXBuildFile; fileRef = 063CED23252D54E900F493EF /* BottomSheetParentViewController.swift */; };
		06F3933C238F5CC400913605 /* AppDelegate.swift in Sources */ = {isa = PBXBuildFile; fileRef = 06F3933B238F5CC400913605 /* AppDelegate.swift */; };
		06F39345238F5CC600913605 /* Assets.xcassets in Resources */ = {isa = PBXBuildFile; fileRef = 06F39344238F5CC600913605 /* Assets.xcassets */; };
		06F39348238F5CC600913605 /* LaunchScreen.storyboard in Resources */ = {isa = PBXBuildFile; fileRef = 06F39346238F5CC600913605 /* LaunchScreen.storyboard */; };
/* End PBXBuildFile section */

/* Begin PBXFileReference section */
		0601BDD52398552600442493 /* ExpandableViewPart2.storyboard */ = {isa = PBXFileReference; fileEncoding = 4; lastKnownFileType = file.storyboard; path = ExpandableViewPart2.storyboard; sourceTree = "<group>"; };
		0601BDD62398552600442493 /* ExpandableView.swift */ = {isa = PBXFileReference; fileEncoding = 4; lastKnownFileType = sourcecode.swift; path = ExpandableView.swift; sourceTree = "<group>"; };
		0601BDD72398552700442493 /* ExpandableView.xib */ = {isa = PBXFileReference; fileEncoding = 4; lastKnownFileType = file.xib; path = ExpandableView.xib; sourceTree = "<group>"; };
		0601BDD82398552700442493 /* ExpandableViewPart2.swift */ = {isa = PBXFileReference; fileEncoding = 4; lastKnownFileType = sourcecode.swift; path = ExpandableViewPart2.swift; sourceTree = "<group>"; };
		0601BDE22398569B00442493 /* AppCoordinator.swift */ = {isa = PBXFileReference; lastKnownFileType = sourcecode.swift; path = AppCoordinator.swift; sourceTree = "<group>"; };
		0601BDE52398637C00442493 /* MainViewController.swift */ = {isa = PBXFileReference; fileEncoding = 4; lastKnownFileType = sourcecode.swift; path = MainViewController.swift; sourceTree = "<group>"; };
		0601BDE62398637C00442493 /* Main.storyboard */ = {isa = PBXFileReference; fileEncoding = 4; lastKnownFileType = file.storyboard; path = Main.storyboard; sourceTree = "<group>"; };
		0601BDE72398637C00442493 /* ExpandableViewPart1.swift */ = {isa = PBXFileReference; fileEncoding = 4; lastKnownFileType = sourcecode.swift; path = ExpandableViewPart1.swift; sourceTree = "<group>"; };
		061BB9D12533EB4900B6EA1A /* CustomTransition.swift */ = {isa = PBXFileReference; lastKnownFileType = sourcecode.swift; path = CustomTransition.swift; sourceTree = "<group>"; };
		061BB9D32533EB7A00B6EA1A /* ModalPresentableVC.swift */ = {isa = PBXFileReference; lastKnownFileType = sourcecode.swift; path = ModalPresentableVC.swift; sourceTree = "<group>"; };
		063CED21252D4EDC00F493EF /* BottomSheetParentViewController.xib */ = {isa = PBXFileReference; lastKnownFileType = file.xib; path = BottomSheetParentViewController.xib; sourceTree = "<group>"; };
		063CED23252D54E900F493EF /* BottomSheetParentViewController.swift */ = {isa = PBXFileReference; lastKnownFileType = sourcecode.swift; path = BottomSheetParentViewController.swift; sourceTree = "<group>"; };
		06F39338238F5CC400913605 /* ExpandableViewiOS.app */ = {isa = PBXFileReference; explicitFileType = wrapper.application; includeInIndex = 0; path = ExpandableViewiOS.app; sourceTree = BUILT_PRODUCTS_DIR; };
		06F3933B238F5CC400913605 /* AppDelegate.swift */ = {isa = PBXFileReference; lastKnownFileType = sourcecode.swift; path = AppDelegate.swift; sourceTree = "<group>"; };
		06F39344238F5CC600913605 /* Assets.xcassets */ = {isa = PBXFileReference; lastKnownFileType = folder.assetcatalog; path = Assets.xcassets; sourceTree = "<group>"; };
		06F39347238F5CC600913605 /* Base */ = {isa = PBXFileReference; lastKnownFileType = file.storyboard; name = Base; path = Base.lproj/LaunchScreen.storyboard; sourceTree = "<group>"; };
		06F39349238F5CC600913605 /* Info.plist */ = {isa = PBXFileReference; lastKnownFileType = text.plist.xml; path = Info.plist; sourceTree = "<group>"; };
/* End PBXFileReference section */

/* Begin PBXFrameworksBuildPhase section */
		06F39335238F5CC400913605 /* Frameworks */ = {
			isa = PBXFrameworksBuildPhase;
			buildActionMask = 2147483647;
			files = (
			);
			runOnlyForDeploymentPostprocessing = 0;
		};
/* End PBXFrameworksBuildPhase section */

/* Begin PBXGroup section */
		0601BDDF2398564B00442493 /* ExpandableViewPart2 */ = {
			isa = PBXGroup;
			children = (
				0601BDD62398552600442493 /* ExpandableView.swift */,
				0601BDD72398552700442493 /* ExpandableView.xib */,
				0601BDD52398552600442493 /* ExpandableViewPart2.storyboard */,
				0601BDD82398552700442493 /* ExpandableViewPart2.swift */,
			);
			path = ExpandableViewPart2;
			sourceTree = "<group>";
		};
		0601BDE12398568900442493 /* Coordinator */ = {
			isa = PBXGroup;
			children = (
				0601BDE22398569B00442493 /* AppCoordinator.swift */,
			);
			name = Coordinator;
			sourceTree = "<group>";
		};
		0601BDE42398637C00442493 /* ExpandableViewPart1 */ = {
			isa = PBXGroup;
			children = (
				0601BDE72398637C00442493 /* ExpandableViewPart1.swift */,
			);
			path = ExpandableViewPart1;
			sourceTree = "<group>";
		};
		063CED20252D4E6700F493EF /* BottomSheet */ = {
			isa = PBXGroup;
			children = (
				063CED21252D4EDC00F493EF /* BottomSheetParentViewController.xib */,
				063CED23252D54E900F493EF /* BottomSheetParentViewController.swift */,
				061BB9D12533EB4900B6EA1A /* CustomTransition.swift */,
				061BB9D32533EB7A00B6EA1A /* ModalPresentableVC.swift */,
			);
			path = BottomSheet;
			sourceTree = "<group>";
		};
		063CED25252D569E00F493EF /* AppDelegate */ = {
			isa = PBXGroup;
			children = (
				06F3933B238F5CC400913605 /* AppDelegate.swift */,
				0601BDE52398637C00442493 /* MainViewController.swift */,
				0601BDE62398637C00442493 /* Main.storyboard */,
			);
			path = AppDelegate;
			sourceTree = "<group>";
		};
		06F3932F238F5CC400913605 = {
			isa = PBXGroup;
			children = (
				06F3933A238F5CC400913605 /* ExpandableViewiOS */,
				06F39339238F5CC400913605 /* Products */,
			);
			sourceTree = "<group>";
		};
		06F39339238F5CC400913605 /* Products */ = {
			isa = PBXGroup;
			children = (
				06F39338238F5CC400913605 /* ExpandableViewiOS.app */,
			);
			name = Products;
			sourceTree = "<group>";
		};
		06F3933A238F5CC400913605 /* ExpandableViewiOS */ = {
			isa = PBXGroup;
			children = (
				063CED25252D569E00F493EF /* AppDelegate */,
				0601BDE12398568900442493 /* Coordinator */,
				0601BDE42398637C00442493 /* ExpandableViewPart1 */,
				0601BDDF2398564B00442493 /* ExpandableViewPart2 */,
				063CED20252D4E6700F493EF /* BottomSheet */,
				06F39344238F5CC600913605 /* Assets.xcassets */,
				06F39346238F5CC600913605 /* LaunchScreen.storyboard */,
				06F39349238F5CC600913605 /* Info.plist */,
			);
			path = ExpandableViewiOS;
			sourceTree = "<group>";
		};
/* End PBXGroup section */

/* Begin PBXNativeTarget section */
		06F39337238F5CC400913605 /* ExpandableViewiOS */ = {
			isa = PBXNativeTarget;
			buildConfigurationList = 06F3934C238F5CC600913605 /* Build configuration list for PBXNativeTarget "ExpandableViewiOS" */;
			buildPhases = (
				06F39334238F5CC400913605 /* Sources */,
				06F39335238F5CC400913605 /* Frameworks */,
				06F39336238F5CC400913605 /* Resources */,
			);
			buildRules = (
			);
			dependencies = (
			);
			name = ExpandableViewiOS;
			productName = ExpandableViewiOs;
			productReference = 06F39338238F5CC400913605 /* ExpandableViewiOS.app */;
			productType = "com.apple.product-type.application";
		};
/* End PBXNativeTarget section */

/* Begin PBXProject section */
		06F39330238F5CC400913605 /* Project object */ = {
			isa = PBXProject;
			attributes = {
				LastSwiftUpdateCheck = 1110;
				LastUpgradeCheck = 1110;
				ORGANIZATIONNAME = "Manish Singh";
				TargetAttributes = {
					06F39337238F5CC400913605 = {
						CreatedOnToolsVersion = 11.1;
					};
				};
			};
			buildConfigurationList = 06F39333238F5CC400913605 /* Build configuration list for PBXProject "ExpandableViewiOS" */;
			compatibilityVersion = "Xcode 9.3";
			developmentRegion = en;
			hasScannedForEncodings = 0;
			knownRegions = (
				en,
				Base,
			);
			mainGroup = 06F3932F238F5CC400913605;
			productRefGroup = 06F39339238F5CC400913605 /* Products */;
			projectDirPath = "";
			projectRoot = "";
			targets = (
				06F39337238F5CC400913605 /* ExpandableViewiOS */,
			);
		};
/* End PBXProject section */

/* Begin PBXResourcesBuildPhase section */
		06F39336238F5CC400913605 /* Resources */ = {
			isa = PBXResourcesBuildPhase;
			buildActionMask = 2147483647;
			files = (
				06F39348238F5CC600913605 /* LaunchScreen.storyboard in Resources */,
				0601BDD92398552700442493 /* ExpandableViewPart2.storyboard in Resources */,
				06F39345238F5CC600913605 /* Assets.xcassets in Resources */,
				0601BDE92398637C00442493 /* Main.storyboard in Resources */,
				0601BDDB2398552700442493 /* ExpandableView.xib in Resources */,
				063CED22252D4EDC00F493EF /* BottomSheetParentViewController.xib in Resources */,
			);
			runOnlyForDeploymentPostprocessing = 0;
		};
/* End PBXResourcesBuildPhase section */

/* Begin PBXSourcesBuildPhase section */
		06F39334238F5CC400913605 /* Sources */ = {
			isa = PBXSourcesBuildPhase;
			buildActionMask = 2147483647;
			files = (
				0601BDE82398637C00442493 /* MainViewController.swift in Sources */,
				063CED24252D54E900F493EF /* BottomSheetParentViewController.swift in Sources */,
				06F3933C238F5CC400913605 /* AppDelegate.swift in Sources */,
				061BB9D42533EB7A00B6EA1A /* ModalPresentableVC.swift in Sources */,
				0601BDEA2398637C00442493 /* ExpandableViewPart1.swift in Sources */,
				0601BDDC2398552700442493 /* ExpandableViewPart2.swift in Sources */,
				0601BDDA2398552700442493 /* ExpandableView.swift in Sources */,
				0601BDE32398569B00442493 /* AppCoordinator.swift in Sources */,
				061BB9D22533EB4900B6EA1A /* CustomTransition.swift in Sources */,
			);
			runOnlyForDeploymentPostprocessing = 0;
		};
/* End PBXSourcesBuildPhase section */

/* Begin PBXVariantGroup section */
		06F39346238F5CC600913605 /* LaunchScreen.storyboard */ = {
			isa = PBXVariantGroup;
			children = (
				06F39347238F5CC600913605 /* Base */,
			);
			name = LaunchScreen.storyboard;
			sourceTree = "<group>";
		};
/* End PBXVariantGroup section */

/* Begin XCBuildConfiguration section */
		06F3934A238F5CC600913605 /* Debug */ = {
			isa = XCBuildConfiguration;
			buildSettings = {
				ALWAYS_SEARCH_USER_PATHS = NO;
				CLANG_ANALYZER_NONNULL = YES;
				CLANG_ANALYZER_NUMBER_OBJECT_CONVERSION = YES_AGGRESSIVE;
				CLANG_CXX_LANGUAGE_STANDARD = "gnu++14";
				CLANG_CXX_LIBRARY = "libc++";
				CLANG_ENABLE_MODULES = YES;
				CLANG_ENABLE_OBJC_ARC = YES;
				CLANG_ENABLE_OBJC_WEAK = YES;
				CLANG_WARN_BLOCK_CAPTURE_AUTORELEASING = YES;
				CLANG_WARN_BOOL_CONVERSION = YES;
				CLANG_WARN_COMMA = YES;
				CLANG_WARN_CONSTANT_CONVERSION = YES;
				CLANG_WARN_DEPRECATED_OBJC_IMPLEMENTATIONS = YES;
				CLANG_WARN_DIRECT_OBJC_ISA_USAGE = YES_ERROR;
				CLANG_WARN_DOCUMENTATION_COMMENTS = YES;
				CLANG_WARN_EMPTY_BODY = YES;
				CLANG_WARN_ENUM_CONVERSION = YES;
				CLANG_WARN_INFINITE_RECURSION = YES;
				CLANG_WARN_INT_CONVERSION = YES;
				CLANG_WARN_NON_LITERAL_NULL_CONVERSION = YES;
				CLANG_WARN_OBJC_IMPLICIT_RETAIN_SELF = YES;
				CLANG_WARN_OBJC_LITERAL_CONVERSION = YES;
				CLANG_WARN_OBJC_ROOT_CLASS = YES_ERROR;
				CLANG_WARN_RANGE_LOOP_ANALYSIS = YES;
				CLANG_WARN_STRICT_PROTOTYPES = YES;
				CLANG_WARN_SUSPICIOUS_MOVE = YES;
				CLANG_WARN_UNGUARDED_AVAILABILITY = YES_AGGRESSIVE;
				CLANG_WARN_UNREACHABLE_CODE = YES;
				CLANG_WARN__DUPLICATE_METHOD_MATCH = YES;
				COPY_PHASE_STRIP = NO;
				DEBUG_INFORMATION_FORMAT = dwarf;
				ENABLE_STRICT_OBJC_MSGSEND = YES;
				ENABLE_TESTABILITY = YES;
				GCC_C_LANGUAGE_STANDARD = gnu11;
				GCC_DYNAMIC_NO_PIC = NO;
				GCC_NO_COMMON_BLOCKS = YES;
				GCC_OPTIMIZATION_LEVEL = 0;
				GCC_PREPROCESSOR_DEFINITIONS = (
					"DEBUG=1",
					"$(inherited)",
				);
				GCC_WARN_64_TO_32_BIT_CONVERSION = YES;
				GCC_WARN_ABOUT_RETURN_TYPE = YES_ERROR;
				GCC_WARN_UNDECLARED_SELECTOR = YES;
				GCC_WARN_UNINITIALIZED_AUTOS = YES_AGGRESSIVE;
				GCC_WARN_UNUSED_FUNCTION = YES;
				GCC_WARN_UNUSED_VARIABLE = YES;
				IPHONEOS_DEPLOYMENT_TARGET = 13.1;
				MTL_ENABLE_DEBUG_INFO = INCLUDE_SOURCE;
				MTL_FAST_MATH = YES;
				ONLY_ACTIVE_ARCH = YES;
				SDKROOT = iphoneos;
				SWIFT_ACTIVE_COMPILATION_CONDITIONS = DEBUG;
				SWIFT_OPTIMIZATION_LEVEL = "-Onone";
			};
			name = Debug;
		};
		06F3934B238F5CC600913605 /* Release */ = {
			isa = XCBuildConfiguration;
			buildSettings = {
				ALWAYS_SEARCH_USER_PATHS = NO;
				CLANG_ANALYZER_NONNULL = YES;
				CLANG_ANALYZER_NUMBER_OBJECT_CONVERSION = YES_AGGRESSIVE;
				CLANG_CXX_LANGUAGE_STANDARD = "gnu++14";
				CLANG_CXX_LIBRARY = "libc++";
				CLANG_ENABLE_MODULES = YES;
				CLANG_ENABLE_OBJC_ARC = YES;
				CLANG_ENABLE_OBJC_WEAK = YES;
				CLANG_WARN_BLOCK_CAPTURE_AUTORELEASING = YES;
				CLANG_WARN_BOOL_CONVERSION = YES;
				CLANG_WARN_COMMA = YES;
				CLANG_WARN_CONSTANT_CONVERSION = YES;
				CLANG_WARN_DEPRECATED_OBJC_IMPLEMENTATIONS = YES;
				CLANG_WARN_DIRECT_OBJC_ISA_USAGE = YES_ERROR;
				CLANG_WARN_DOCUMENTATION_COMMENTS = YES;
				CLANG_WARN_EMPTY_BODY = YES;
				CLANG_WARN_ENUM_CONVERSION = YES;
				CLANG_WARN_INFINITE_RECURSION = YES;
				CLANG_WARN_INT_CONVERSION = YES;
				CLANG_WARN_NON_LITERAL_NULL_CONVERSION = YES;
				CLANG_WARN_OBJC_IMPLICIT_RETAIN_SELF = YES;
				CLANG_WARN_OBJC_LITERAL_CONVERSION = YES;
				CLANG_WARN_OBJC_ROOT_CLASS = YES_ERROR;
				CLANG_WARN_RANGE_LOOP_ANALYSIS = YES;
				CLANG_WARN_STRICT_PROTOTYPES = YES;
				CLANG_WARN_SUSPICIOUS_MOVE = YES;
				CLANG_WARN_UNGUARDED_AVAILABILITY = YES_AGGRESSIVE;
				CLANG_WARN_UNREACHABLE_CODE = YES;
				CLANG_WARN__DUPLICATE_METHOD_MATCH = YES;
				COPY_PHASE_STRIP = NO;
				DEBUG_INFORMATION_FORMAT = "dwarf-with-dsym";
				ENABLE_NS_ASSERTIONS = NO;
				ENABLE_STRICT_OBJC_MSGSEND = YES;
				GCC_C_LANGUAGE_STANDARD = gnu11;
				GCC_NO_COMMON_BLOCKS = YES;
				GCC_WARN_64_TO_32_BIT_CONVERSION = YES;
				GCC_WARN_ABOUT_RETURN_TYPE = YES_ERROR;
				GCC_WARN_UNDECLARED_SELECTOR = YES;
				GCC_WARN_UNINITIALIZED_AUTOS = YES_AGGRESSIVE;
				GCC_WARN_UNUSED_FUNCTION = YES;
				GCC_WARN_UNUSED_VARIABLE = YES;
				IPHONEOS_DEPLOYMENT_TARGET = 13.1;
				MTL_ENABLE_DEBUG_INFO = NO;
				MTL_FAST_MATH = YES;
				SDKROOT = iphoneos;
				SWIFT_COMPILATION_MODE = wholemodule;
				SWIFT_OPTIMIZATION_LEVEL = "-O";
				VALIDATE_PRODUCT = YES;
			};
			name = Release;
		};
		06F3934D238F5CC600913605 /* Debug */ = {
			isa = XCBuildConfiguration;
			buildSettings = {
				ASSETCATALOG_COMPILER_APPICON_NAME = AppIcon;
				CODE_SIGN_STYLE = Automatic;
				DEVELOPMENT_TEAM = V2G62PZ94A;
				INFOPLIST_FILE = ExpandableViewiOs/Info.plist;
				LD_RUNPATH_SEARCH_PATHS = (
					"$(inherited)",
					"@executable_path/Frameworks",
				);
				PRODUCT_BUNDLE_IDENTIFIER = com.manish.ExpandableViewiOs;
				PRODUCT_NAME = "$(TARGET_NAME)";
				SWIFT_VERSION = 5.0;
				TARGETED_DEVICE_FAMILY = "1,2";
			};
			name = Debug;
		};
		06F3934E238F5CC600913605 /* Release */ = {
			isa = XCBuildConfiguration;
			buildSettings = {
				ASSETCATALOG_COMPILER_APPICON_NAME = AppIcon;
				CODE_SIGN_STYLE = Automatic;
				DEVELOPMENT_TEAM = V2G62PZ94A;
				INFOPLIST_FILE = ExpandableViewiOs/Info.plist;
				LD_RUNPATH_SEARCH_PATHS = (
					"$(inherited)",
					"@executable_path/Frameworks",
				);
				PRODUCT_BUNDLE_IDENTIFIER = com.manish.ExpandableViewiOs;
				PRODUCT_NAME = "$(TARGET_NAME)";
				SWIFT_VERSION = 5.0;
				TARGETED_DEVICE_FAMILY = "1,2";
			};
			name = Release;
		};
/* End XCBuildConfiguration section */

/* Begin XCConfigurationList section */
		06F39333238F5CC400913605 /* Build configuration list for PBXProject "ExpandableViewiOS" */ = {
			isa = XCConfigurationList;
			buildConfigurations = (
				06F3934A238F5CC600913605 /* Debug */,
				06F3934B238F5CC600913605 /* Release */,
			);
			defaultConfigurationIsVisible = 0;
			defaultConfigurationName = Release;
		};
		06F3934C238F5CC600913605 /* Build configuration list for PBXNativeTarget "ExpandableViewiOS" */ = {
			isa = XCConfigurationList;
			buildConfigurations = (
				06F3934D238F5CC600913605 /* Debug */,
				06F3934E238F5CC600913605 /* Release */,
			);
			defaultConfigurationIsVisible = 0;
			defaultConfigurationName = Release;
		};
/* End XCConfigurationList section */
	};
	rootObject = 06F39330238F5CC400913605 /* Project object */;
}
